
Microsoft Visual Studio Solution File, Format Version 12.00
# Visual Studio Version 17
VisualStudioVersion = 17.11.35208.52
MinimumVisualStudioVersion = 10.0.40219.1
Project("{FAE04EC0-301F-11D3-BF4B-00C04F79EFBC}") = "css-2", "css-2\css-2.csproj", "{74BADA82-8AF3-4B32-A13B-4F616F2670AC}"
EndProject
Global
	GlobalSection(SolutionConfigurationPlatforms) = preSolution
		Debug|Any CPU = Debug|Any CPU
		Release|Any CPU = Release|Any CPU
	EndGlobalSection
	GlobalSection(ProjectConfigurationPlatforms) = postSolution
		{74BADA82-8AF3-4B32-A13B-4F616F2670AC}.Debug|Any CPU.ActiveCfg = Debug|Any CPU
		{74BADA82-8AF3-4B32-A13B-4F616F2670AC}.Debug|Any CPU.Build.0 = Debug|Any CPU
		{74BADA82-8AF3-4B32-A13B-4F616F2670AC}.Release|Any CPU.ActiveCfg = Release|Any CPU
		{74BADA82-8AF3-4B32-A13B-4F616F2670AC}.Release|Any CPU.Build.0 = Release|Any CPU
	EndGlobalSection
	GlobalSection(SolutionProperties) = preSolution
		HideSolutionNode = FALSE
	EndGlobalSection
	GlobalSection(ExtensibilityGlobals) = postSolution
		SolutionGuid = {3D6205DF-1DED-42E0-831E-4AB6F4A3A10A}
	EndGlobalSection
EndGlobal
